
Microsoft Visual Studio Solution File, Format Version 12.00
# Visual Studio 15
VisualStudioVersion = 15.0.27703.2042
MinimumVisualStudioVersion = 10.0.40219.1
Project("{FAE04EC0-301F-11D3-BF4B-00C04F79EFBC}") = "h3net", "h3net\h3net.csproj", "{5D22179F-004F-4B78-9AA2-CF5838153F49}"
EndProject
Project("{FAE04EC0-301F-11D3-BF4B-00C04F79EFBC}") = "h3tests", "h3tests\h3tests.csproj", "{B53C060A-3B72-4833-A366-190D60EF28EE}"
EndProject
Project("{2150E333-8FDC-42A3-9474-1A3956D46DE8}") = "Documents", "Documents", "{C0EA45E9-A40C-4A45-B35E-8B8F340C5A47}"
	ProjectSection(SolutionItems) = preProject
		header.license.txt = header.license.txt
	EndProjectSection
EndProject
Global
	GlobalSection(SolutionConfigurationPlatforms) = preSolution
		Debug|Any CPU = Debug|Any CPU
		Release|Any CPU = Release|Any CPU
	EndGlobalSection
	GlobalSection(ProjectConfigurationPlatforms) = postSolution
		{5D22179F-004F-4B78-9AA2-CF5838153F49}.Debug|Any CPU.ActiveCfg = Debug|Any CPU
		{5D22179F-004F-4B78-9AA2-CF5838153F49}.Debug|Any CPU.Build.0 = Debug|Any CPU
		{5D22179F-004F-4B78-9AA2-CF5838153F49}.Release|Any CPU.ActiveCfg = Release|Any CPU
		{5D22179F-004F-4B78-9AA2-CF5838153F49}.Release|Any CPU.Build.0 = Release|Any CPU
		{B53C060A-3B72-4833-A366-190D60EF28EE}.Debug|Any CPU.ActiveCfg = Debug|Any CPU
		{B53C060A-3B72-4833-A366-190D60EF28EE}.Debug|Any CPU.Build.0 = Debug|Any CPU
		{B53C060A-3B72-4833-A366-190D60EF28EE}.Release|Any CPU.ActiveCfg = Release|Any CPU
		{B53C060A-3B72-4833-A366-190D60EF28EE}.Release|Any CPU.Build.0 = Release|Any CPU
	EndGlobalSection
	GlobalSection(SolutionProperties) = preSolution
		HideSolutionNode = FALSE
	EndGlobalSection
	GlobalSection(ExtensibilityGlobals) = postSolution
		SolutionGuid = {C77A1259-3249-4C31-A461-A9F1240E8F22}
	EndGlobalSection
EndGlobal
