
Microsoft Visual Studio Solution File, Format Version 12.00
# Visual Studio 15
VisualStudioVersion = 15.0.27703.2042
MinimumVisualStudioVersion = 10.0.40219.1
Project("{2150E333-8FDC-42A3-9474-1A3956D46DE8}") = "Solution Items", "Solution Items", "{1DA3C23F-3DA2-498B-B0CF-06C4DEE5729F}"
	ProjectSection(SolutionItems) = preProject
		License. = License.
		Readme.md = Readme.md
		Version.txt = Version.txt
		Credits.md = Credits.md
		OldApi.md = OldApi.md
	EndProjectSection
EndProject
Project("{FAE04EC0-301F-11D3-BF4B-00C04F79EFBC}") = "H3Lib", "H3Lib\H3Lib.csproj", "{B20B012E-5091-4861-9E33-7248592E1473}"
EndProject
Project("{FAE04EC0-301F-11D3-BF4B-00C04F79EFBC}") = "H3 NUnit Tests", "Tests\NUnit\H3Suite\H3Suite.csproj", "{7FC70124-AB94-4EFC-9999-CFCC95098312}"
EndProject
Project("{2150E333-8FDC-42A3-9474-1A3956D46DE8}") = "Tests", "Tests", "{4FB7DEF1-9A5E-47AB-BF88-E096B8F7ABD7}"
EndProject
Project("{2150E333-8FDC-42A3-9474-1A3956D46DE8}") = "NUnit", "NUnit", "{AA61DF0D-A495-4322-9A4C-E02A16B7653A}"
EndProject
Project("{2150E333-8FDC-42A3-9474-1A3956D46DE8}") = "Lib", "Lib", "{0194ACF5-24AA-4456-B449-C3F9517CEA9C}"
EndProject
Project("{2150E333-8FDC-42A3-9474-1A3956D46DE8}") = "Apps", "Apps", "{21E24D2C-95AA-4317-B365-9262F8850A15}"
EndProject
Project("{FAE04EC0-301F-11D3-BF4B-00C04F79EFBC}") = "AppsLib", "Apps\AppsLib\AppsLib.csproj", "{824A93BB-35B7-4054-946D-A5553F44EA52}"
EndProject
Project("{2150E333-8FDC-42A3-9474-1A3956D46DE8}") = "Filters", "Filters", "{144E6FAA-853A-4D95-81B0-5B5C89D00224}"
EndProject
Project("{FAE04EC0-301F-11D3-BF4B-00C04F79EFBC}") = "GeoToH3", "Apps\Filters\GeoToH3\GeoToH3.csproj", "{591354A8-CFCE-4B07-A8E7-EE2D4EE49DBF}"
EndProject
Project("{FAE04EC0-301F-11D3-BF4B-00C04F79EFBC}") = "H3ToComponents", "Apps\Filters\H3ToComponents\H3ToComponents.csproj", "{A2D5A9D4-CB9C-487B-AC8E-4673B496AD46}"
EndProject
Project("{FAE04EC0-301F-11D3-BF4B-00C04F79EFBC}") = "H3ToGeo", "Apps\Filters\H3ToGeo\H3ToGeo.csproj", "{66C48557-6342-45FB-90C6-33928CC6C7C3}"
EndProject
Project("{FAE04EC0-301F-11D3-BF4B-00C04F79EFBC}") = "H3ToGeoBoundary", "Apps\Filters\H3ToGeoBoundary\H3ToGeoBoundary.csproj", "{B8CAE003-DCD2-4352-8A1C-61AC61F1FA50}"
EndProject
Project("{FAE04EC0-301F-11D3-BF4B-00C04F79EFBC}") = "H3ToLocalIj", "Apps\Filters\H3ToLocalIj\H3ToLocalIj.csproj", "{6F8DB421-CD13-47FD-8F60-97C10B4F760C}"
EndProject
Project("{FAE04EC0-301F-11D3-BF4B-00C04F79EFBC}") = "HexRange", "Apps\Filters\HexRange\HexRange.csproj", "{37C5B15F-7224-4B3E-81C3-68F75BD821DE}"
EndProject
Project("{FAE04EC0-301F-11D3-BF4B-00C04F79EFBC}") = "KRing", "Apps\Filters\KRing\KRing.csproj", "{8F5429F6-7770-472E-857C-6B63F68DC9B5}"
EndProject
Project("{FAE04EC0-301F-11D3-BF4B-00C04F79EFBC}") = "LocalIjToH3", "Apps\Filters\LocalIjToH3\LocalIjToH3.csproj", "{478F725B-999C-4BE6-A73D-BAA12D39B374}"
EndProject
Global
	GlobalSection(SolutionConfigurationPlatforms) = preSolution
		Release | Lib Only|Any CPU = Release | Lib Only|Any CPU
		Release | ALL|Any CPU = Release | ALL|Any CPU
		Release | LIB|Any CPU = Release | LIB|Any CPU
		Release | Apps Only|Any CPU = Release | Apps Only|Any CPU
		Debug | KRing|Any CPU = Debug | KRing|Any CPU
		Debug | H3ToGeoBoundary|Any CPU = Debug | H3ToGeoBoundary|Any CPU
		Debug | HexRange|Any CPU = Debug | HexRange|Any CPU
		Debug | LocalIjToH3|Any CPU = Debug | LocalIjToH3|Any CPU
		Debug | ALL|Any CPU = Debug | ALL|Any CPU
		Debug | H3ToGeo|Any CPU = Debug | H3ToGeo|Any CPU
		Debug | H3ToLocalIj|Any CPU = Debug | H3ToLocalIj|Any CPU
		Debug | Tests|Any CPU = Debug | Tests|Any CPU
		Debug | LIB|Any CPU = Debug | LIB|Any CPU
		Debug | H3ToComponents|Any CPU = Debug | H3ToComponents|Any CPU
		Debug | Apps Only|Any CPU = Debug | Apps Only|Any CPU
		Debug | APPS|Any CPU = Debug | APPS|Any CPU
		Debug | Lib Only|Any CPU = Debug | Lib Only|Any CPU
		Debug|Any CPU = Debug|Any CPU
		Release|Any CPU = Release|Any CPU
		DEBUG | GeoToH3|Any CPU = DEBUG | GeoToH3|Any CPU
	EndGlobalSection
	GlobalSection(ProjectConfigurationPlatforms) = postSolution
		{824A93BB-35B7-4054-946D-A5553F44EA52}.Release | Lib Only|Any CPU.ActiveCfg = Release | Lib Only|Any CPU
		{824A93BB-35B7-4054-946D-A5553F44EA52}.Debug | KRing|Any CPU.ActiveCfg = Debug | KRing|Any CPU
		{824A93BB-35B7-4054-946D-A5553F44EA52}.Debug | KRing|Any CPU.Build.0 = Debug | KRing|Any CPU
		{824A93BB-35B7-4054-946D-A5553F44EA52}.Debug | H3ToGeoBoundary|Any CPU.ActiveCfg = Debug | H3ToGeoBoundary|Any CPU
		{824A93BB-35B7-4054-946D-A5553F44EA52}.Debug | H3ToGeoBoundary|Any CPU.Build.0 = Debug | H3ToGeoBoundary|Any CPU
		{824A93BB-35B7-4054-946D-A5553F44EA52}.Release | ALL|Any CPU.ActiveCfg = Release | ALL|Any CPU
		{824A93BB-35B7-4054-946D-A5553F44EA52}.Release | ALL|Any CPU.Build.0 = Release | ALL|Any CPU
		{824A93BB-35B7-4054-946D-A5553F44EA52}.Release | ALL|Any CPU.Deploy.0 = Release | ALL|Any CPU
		{824A93BB-35B7-4054-946D-A5553F44EA52}.Debug | HexRange|Any CPU.ActiveCfg = Debug | HexRange|Any CPU
		{824A93BB-35B7-4054-946D-A5553F44EA52}.Debug | HexRange|Any CPU.Build.0 = Debug | HexRange|Any CPU
		{824A93BB-35B7-4054-946D-A5553F44EA52}.Debug | LocalIjToH3|Any CPU.ActiveCfg = Debug | LocalIjToH3|Any CPU
		{824A93BB-35B7-4054-946D-A5553F44EA52}.Debug | LocalIjToH3|Any CPU.Build.0 = Debug | LocalIjToH3|Any CPU
		{824A93BB-35B7-4054-946D-A5553F44EA52}.Debug|Any CPU.ActiveCfg = Debug|Any CPU
		{824A93BB-35B7-4054-946D-A5553F44EA52}.Debug|Any CPU.Build.0 = Debug|Any CPU
		{824A93BB-35B7-4054-946D-A5553F44EA52}.Debug | ALL|Any CPU.ActiveCfg = Debug | ALL|Any CPU
		{824A93BB-35B7-4054-946D-A5553F44EA52}.Debug | ALL|Any CPU.Build.0 = Debug | ALL|Any CPU
		{824A93BB-35B7-4054-946D-A5553F44EA52}.Debug | H3ToGeo|Any CPU.ActiveCfg = Debug | H3ToGeo|Any CPU
		{824A93BB-35B7-4054-946D-A5553F44EA52}.Debug | H3ToGeo|Any CPU.Build.0 = Debug | H3ToGeo|Any CPU
		{824A93BB-35B7-4054-946D-A5553F44EA52}.Release|Any CPU.ActiveCfg = Release|Any CPU
		{824A93BB-35B7-4054-946D-A5553F44EA52}.Release|Any CPU.Build.0 = Release|Any CPU
		{824A93BB-35B7-4054-946D-A5553F44EA52}.Release|Any CPU.Deploy.0 = Release|Any CPU
		{824A93BB-35B7-4054-946D-A5553F44EA52}.Debug | H3ToLocalIj|Any CPU.ActiveCfg = Debug | H3ToLocalIj|Any CPU
		{824A93BB-35B7-4054-946D-A5553F44EA52}.Debug | H3ToLocalIj|Any CPU.Build.0 = Debug | H3ToLocalIj|Any CPU
		{824A93BB-35B7-4054-946D-A5553F44EA52}.Debug | Tests|Any CPU.ActiveCfg = Debug | Tests|Any CPU
		{824A93BB-35B7-4054-946D-A5553F44EA52}.DEBUG | GeoToH3|Any CPU.ActiveCfg = DEBUG | GeoToH3|Any CPU
		{824A93BB-35B7-4054-946D-A5553F44EA52}.DEBUG | GeoToH3|Any CPU.Build.0 = DEBUG | GeoToH3|Any CPU
		{824A93BB-35B7-4054-946D-A5553F44EA52}.Debug | LIB|Any CPU.ActiveCfg = Debug | LIB|Any CPU
		{824A93BB-35B7-4054-946D-A5553F44EA52}.Debug | H3ToComponents|Any CPU.ActiveCfg = Debug | H3ToComponents|Any CPU
		{824A93BB-35B7-4054-946D-A5553F44EA52}.Debug | H3ToComponents|Any CPU.Build.0 = Debug | H3ToComponents|Any CPU
		{824A93BB-35B7-4054-946D-A5553F44EA52}.Release | LIB|Any CPU.ActiveCfg = Release | LIB|Any CPU
		{824A93BB-35B7-4054-946D-A5553F44EA52}.Debug | Apps Only|Any CPU.ActiveCfg = Debug | Apps Only|Any CPU
		{824A93BB-35B7-4054-946D-A5553F44EA52}.Debug | Apps Only|Any CPU.Build.0 = Debug | Apps Only|Any CPU
		{824A93BB-35B7-4054-946D-A5553F44EA52}.Debug | APPS|Any CPU.ActiveCfg = Debug | APPS|Any CPU
		{824A93BB-35B7-4054-946D-A5553F44EA52}.Debug | APPS|Any CPU.Build.0 = Debug | APPS|Any CPU
		{824A93BB-35B7-4054-946D-A5553F44EA52}.Release | Apps Only|Any CPU.ActiveCfg = Release | Apps Only|Any CPU
		{824A93BB-35B7-4054-946D-A5553F44EA52}.Release | Apps Only|Any CPU.Build.0 = Release | Apps Only|Any CPU
		{824A93BB-35B7-4054-946D-A5553F44EA52}.Release | Apps Only|Any CPU.Deploy.0 = Release | Apps Only|Any CPU
		{824A93BB-35B7-4054-946D-A5553F44EA52}.Debug | Lib Only|Any CPU.ActiveCfg = Debug | Lib Only|Any CPU
		{591354A8-CFCE-4B07-A8E7-EE2D4EE49DBF}.Release | Lib Only|Any CPU.ActiveCfg = Release | Lib Only|Any CPU
		{591354A8-CFCE-4B07-A8E7-EE2D4EE49DBF}.Debug | KRing|Any CPU.ActiveCfg = Debug | KRing|Any CPU
		{591354A8-CFCE-4B07-A8E7-EE2D4EE49DBF}.Debug | H3ToGeoBoundary|Any CPU.ActiveCfg = Debug | H3ToGeoBoundary|Any CPU
		{591354A8-CFCE-4B07-A8E7-EE2D4EE49DBF}.Release | ALL|Any CPU.ActiveCfg = Release | ALL|Any CPU
		{591354A8-CFCE-4B07-A8E7-EE2D4EE49DBF}.Release | ALL|Any CPU.Build.0 = Release | ALL|Any CPU
		{591354A8-CFCE-4B07-A8E7-EE2D4EE49DBF}.Release | ALL|Any CPU.Deploy.0 = Release | ALL|Any CPU
		{591354A8-CFCE-4B07-A8E7-EE2D4EE49DBF}.Debug | HexRange|Any CPU.ActiveCfg = Debug | HexRange|Any CPU
		{591354A8-CFCE-4B07-A8E7-EE2D4EE49DBF}.Debug | LocalIjToH3|Any CPU.ActiveCfg = Debug | LocalIjToH3|Any CPU
		{591354A8-CFCE-4B07-A8E7-EE2D4EE49DBF}.Debug|Any CPU.ActiveCfg = Debug|Any CPU
		{591354A8-CFCE-4B07-A8E7-EE2D4EE49DBF}.Debug|Any CPU.Build.0 = Debug|Any CPU
		{591354A8-CFCE-4B07-A8E7-EE2D4EE49DBF}.Debug | ALL|Any CPU.ActiveCfg = Debug | ALL|Any CPU
		{591354A8-CFCE-4B07-A8E7-EE2D4EE49DBF}.Debug | ALL|Any CPU.Build.0 = Debug | ALL|Any CPU
		{591354A8-CFCE-4B07-A8E7-EE2D4EE49DBF}.Debug | H3ToGeo|Any CPU.ActiveCfg = Debug | H3ToGeo|Any CPU
		{591354A8-CFCE-4B07-A8E7-EE2D4EE49DBF}.Release|Any CPU.ActiveCfg = Release|Any CPU
		{591354A8-CFCE-4B07-A8E7-EE2D4EE49DBF}.Release|Any CPU.Build.0 = Release|Any CPU
		{591354A8-CFCE-4B07-A8E7-EE2D4EE49DBF}.Release|Any CPU.Deploy.0 = Release|Any CPU
		{591354A8-CFCE-4B07-A8E7-EE2D4EE49DBF}.Debug | H3ToLocalIj|Any CPU.ActiveCfg = Debug | H3ToLocalIj|Any CPU
		{591354A8-CFCE-4B07-A8E7-EE2D4EE49DBF}.Debug | Tests|Any CPU.ActiveCfg = Debug | Tests|Any CPU
		{591354A8-CFCE-4B07-A8E7-EE2D4EE49DBF}.DEBUG | GeoToH3|Any CPU.ActiveCfg = DEBUG | GeoToH3|Any CPU
		{591354A8-CFCE-4B07-A8E7-EE2D4EE49DBF}.DEBUG | GeoToH3|Any CPU.Build.0 = DEBUG | GeoToH3|Any CPU
		{591354A8-CFCE-4B07-A8E7-EE2D4EE49DBF}.Debug | LIB|Any CPU.ActiveCfg = Debug | LIB|Any CPU
		{591354A8-CFCE-4B07-A8E7-EE2D4EE49DBF}.Debug | H3ToComponents|Any CPU.ActiveCfg = Debug | H3ToComponents|Any CPU
		{591354A8-CFCE-4B07-A8E7-EE2D4EE49DBF}.Release | LIB|Any CPU.ActiveCfg = Release | LIB|Any CPU
		{591354A8-CFCE-4B07-A8E7-EE2D4EE49DBF}.Debug | Apps Only|Any CPU.ActiveCfg = Debug | Apps Only|Any CPU
		{591354A8-CFCE-4B07-A8E7-EE2D4EE49DBF}.Debug | Apps Only|Any CPU.Build.0 = Debug | Apps Only|Any CPU
		{591354A8-CFCE-4B07-A8E7-EE2D4EE49DBF}.Debug | APPS|Any CPU.ActiveCfg = Debug | APPS|Any CPU
		{591354A8-CFCE-4B07-A8E7-EE2D4EE49DBF}.Debug | APPS|Any CPU.Build.0 = Debug | APPS|Any CPU
		{591354A8-CFCE-4B07-A8E7-EE2D4EE49DBF}.Release | Apps Only|Any CPU.ActiveCfg = Release | Apps Only|Any CPU
		{591354A8-CFCE-4B07-A8E7-EE2D4EE49DBF}.Release | Apps Only|Any CPU.Build.0 = Release | Apps Only|Any CPU
		{591354A8-CFCE-4B07-A8E7-EE2D4EE49DBF}.Release | Apps Only|Any CPU.Deploy.0 = Release | Apps Only|Any CPU
		{591354A8-CFCE-4B07-A8E7-EE2D4EE49DBF}.Debug | Lib Only|Any CPU.ActiveCfg = Debug | Lib Only|Any CPU
		{B20B012E-5091-4861-9E33-7248592E1473}.Release | Lib Only|Any CPU.ActiveCfg = Release | Lib Only|Any CPU
		{B20B012E-5091-4861-9E33-7248592E1473}.Release | Lib Only|Any CPU.Build.0 = Release | Lib Only|Any CPU
		{B20B012E-5091-4861-9E33-7248592E1473}.Release | Lib Only|Any CPU.Deploy.0 = Release | Lib Only|Any CPU
		{B20B012E-5091-4861-9E33-7248592E1473}.Debug | KRing|Any CPU.ActiveCfg = Debug | KRing|Any CPU
		{B20B012E-5091-4861-9E33-7248592E1473}.Debug | KRing|Any CPU.Build.0 = Debug | KRing|Any CPU
		{B20B012E-5091-4861-9E33-7248592E1473}.Debug | H3ToGeoBoundary|Any CPU.ActiveCfg = Debug | H3ToGeoBoundary|Any CPU
		{B20B012E-5091-4861-9E33-7248592E1473}.Debug | H3ToGeoBoundary|Any CPU.Build.0 = Debug | H3ToGeoBoundary|Any CPU
		{B20B012E-5091-4861-9E33-7248592E1473}.Release | ALL|Any CPU.ActiveCfg = Release | ALL|Any CPU
		{B20B012E-5091-4861-9E33-7248592E1473}.Release | ALL|Any CPU.Build.0 = Release | ALL|Any CPU
		{B20B012E-5091-4861-9E33-7248592E1473}.Release | ALL|Any CPU.Deploy.0 = Release | ALL|Any CPU
		{B20B012E-5091-4861-9E33-7248592E1473}.Debug | HexRange|Any CPU.ActiveCfg = Debug | HexRange|Any CPU
		{B20B012E-5091-4861-9E33-7248592E1473}.Debug | HexRange|Any CPU.Build.0 = Debug | HexRange|Any CPU
		{B20B012E-5091-4861-9E33-7248592E1473}.Debug | LocalIjToH3|Any CPU.ActiveCfg = Debug | LocalIjToH3|Any CPU
		{B20B012E-5091-4861-9E33-7248592E1473}.Debug | LocalIjToH3|Any CPU.Build.0 = Debug | LocalIjToH3|Any CPU
		{B20B012E-5091-4861-9E33-7248592E1473}.Debug|Any CPU.ActiveCfg = Debug|Any CPU
		{B20B012E-5091-4861-9E33-7248592E1473}.Debug|Any CPU.Build.0 = Debug|Any CPU
		{B20B012E-5091-4861-9E33-7248592E1473}.Debug | ALL|Any CPU.ActiveCfg = Debug | ALL|Any CPU
		{B20B012E-5091-4861-9E33-7248592E1473}.Debug | ALL|Any CPU.Build.0 = Debug | ALL|Any CPU
		{B20B012E-5091-4861-9E33-7248592E1473}.Debug | H3ToGeo|Any CPU.ActiveCfg = Debug | H3ToGeo|Any CPU
		{B20B012E-5091-4861-9E33-7248592E1473}.Debug | H3ToGeo|Any CPU.Build.0 = Debug | H3ToGeo|Any CPU
		{B20B012E-5091-4861-9E33-7248592E1473}.Release|Any CPU.ActiveCfg = Release|Any CPU
		{B20B012E-5091-4861-9E33-7248592E1473}.Release|Any CPU.Build.0 = Release|Any CPU
		{B20B012E-5091-4861-9E33-7248592E1473}.Release|Any CPU.Deploy.0 = Release|Any CPU
		{B20B012E-5091-4861-9E33-7248592E1473}.Debug | H3ToLocalIj|Any CPU.ActiveCfg = Debug | H3ToLocalIj|Any CPU
		{B20B012E-5091-4861-9E33-7248592E1473}.Debug | H3ToLocalIj|Any CPU.Build.0 = Debug | H3ToLocalIj|Any CPU
		{B20B012E-5091-4861-9E33-7248592E1473}.Debug | Tests|Any CPU.ActiveCfg = Debug | Tests|Any CPU
		{B20B012E-5091-4861-9E33-7248592E1473}.Debug | Tests|Any CPU.Build.0 = Debug | Tests|Any CPU
		{B20B012E-5091-4861-9E33-7248592E1473}.DEBUG | GeoToH3|Any CPU.ActiveCfg = DEBUG | GeoToH3|Any CPU
		{B20B012E-5091-4861-9E33-7248592E1473}.DEBUG | GeoToH3|Any CPU.Build.0 = DEBUG | GeoToH3|Any CPU
		{B20B012E-5091-4861-9E33-7248592E1473}.Debug | LIB|Any CPU.ActiveCfg = Debug | LIB|Any CPU
		{B20B012E-5091-4861-9E33-7248592E1473}.Debug | LIB|Any CPU.Build.0 = Debug | LIB|Any CPU
		{B20B012E-5091-4861-9E33-7248592E1473}.Debug | H3ToComponents|Any CPU.ActiveCfg = Debug | H3ToComponents|Any CPU
		{B20B012E-5091-4861-9E33-7248592E1473}.Debug | H3ToComponents|Any CPU.Build.0 = Debug | H3ToComponents|Any CPU
		{B20B012E-5091-4861-9E33-7248592E1473}.Release | LIB|Any CPU.ActiveCfg = Release | LIB|Any CPU
		{B20B012E-5091-4861-9E33-7248592E1473}.Release | LIB|Any CPU.Build.0 = Release | LIB|Any CPU
		{B20B012E-5091-4861-9E33-7248592E1473}.Release | LIB|Any CPU.Deploy.0 = Release | LIB|Any CPU
		{B20B012E-5091-4861-9E33-7248592E1473}.Debug | Apps Only|Any CPU.ActiveCfg = Debug | Apps Only|Any CPU
		{B20B012E-5091-4861-9E33-7248592E1473}.Debug | Apps Only|Any CPU.Build.0 = Debug | Apps Only|Any CPU
		{B20B012E-5091-4861-9E33-7248592E1473}.Debug | APPS|Any CPU.ActiveCfg = Debug | APPS|Any CPU
		{B20B012E-5091-4861-9E33-7248592E1473}.Debug | APPS|Any CPU.Build.0 = Debug | APPS|Any CPU
		{B20B012E-5091-4861-9E33-7248592E1473}.Release | Apps Only|Any CPU.ActiveCfg = Release | Apps Only|Any CPU
		{B20B012E-5091-4861-9E33-7248592E1473}.Release | Apps Only|Any CPU.Build.0 = Release | Apps Only|Any CPU
		{B20B012E-5091-4861-9E33-7248592E1473}.Release | Apps Only|Any CPU.Deploy.0 = Release | Apps Only|Any CPU
		{B20B012E-5091-4861-9E33-7248592E1473}.Debug | Lib Only|Any CPU.ActiveCfg = Debug | Lib Only|Any CPU
		{B20B012E-5091-4861-9E33-7248592E1473}.Debug | Lib Only|Any CPU.Build.0 = Debug | Lib Only|Any CPU
		{7FC70124-AB94-4EFC-9999-CFCC95098312}.Release | Lib Only|Any CPU.ActiveCfg = Release | Lib Only|Any CPU
		{7FC70124-AB94-4EFC-9999-CFCC95098312}.Debug | KRing|Any CPU.ActiveCfg = Debug | KRing|Any CPU
		{7FC70124-AB94-4EFC-9999-CFCC95098312}.Debug | H3ToGeoBoundary|Any CPU.ActiveCfg = Debug | H3ToGeoBoundary|Any CPU
		{7FC70124-AB94-4EFC-9999-CFCC95098312}.Release | ALL|Any CPU.ActiveCfg = Release | ALL|Any CPU
		{7FC70124-AB94-4EFC-9999-CFCC95098312}.Release | ALL|Any CPU.Build.0 = Release | ALL|Any CPU
		{7FC70124-AB94-4EFC-9999-CFCC95098312}.Release | ALL|Any CPU.Deploy.0 = Release | ALL|Any CPU
		{7FC70124-AB94-4EFC-9999-CFCC95098312}.Debug | HexRange|Any CPU.ActiveCfg = Debug | HexRange|Any CPU
		{7FC70124-AB94-4EFC-9999-CFCC95098312}.Debug | LocalIjToH3|Any CPU.ActiveCfg = Debug | LocalIjToH3|Any CPU
		{7FC70124-AB94-4EFC-9999-CFCC95098312}.Debug|Any CPU.ActiveCfg = Debug|Any CPU
		{7FC70124-AB94-4EFC-9999-CFCC95098312}.Debug|Any CPU.Build.0 = Debug|Any CPU
		{7FC70124-AB94-4EFC-9999-CFCC95098312}.Debug | ALL|Any CPU.ActiveCfg = Debug | ALL|Any CPU
		{7FC70124-AB94-4EFC-9999-CFCC95098312}.Debug | ALL|Any CPU.Build.0 = Debug | ALL|Any CPU
		{7FC70124-AB94-4EFC-9999-CFCC95098312}.Debug | H3ToGeo|Any CPU.ActiveCfg = Debug | H3ToGeo|Any CPU
		{7FC70124-AB94-4EFC-9999-CFCC95098312}.Release|Any CPU.ActiveCfg = Release|Any CPU
		{7FC70124-AB94-4EFC-9999-CFCC95098312}.Release|Any CPU.Build.0 = Release|Any CPU
		{7FC70124-AB94-4EFC-9999-CFCC95098312}.Release|Any CPU.Deploy.0 = Release|Any CPU
		{7FC70124-AB94-4EFC-9999-CFCC95098312}.Debug | H3ToLocalIj|Any CPU.ActiveCfg = Debug | H3ToLocalIj|Any CPU
		{7FC70124-AB94-4EFC-9999-CFCC95098312}.Debug | Tests|Any CPU.ActiveCfg = Debug | Tests|Any CPU
		{7FC70124-AB94-4EFC-9999-CFCC95098312}.Debug | Tests|Any CPU.Build.0 = Debug | Tests|Any CPU
		{7FC70124-AB94-4EFC-9999-CFCC95098312}.DEBUG | GeoToH3|Any CPU.ActiveCfg = DEBUG | GeoToH3|Any CPU
		{7FC70124-AB94-4EFC-9999-CFCC95098312}.Debug | LIB|Any CPU.ActiveCfg = Debug | LIB|Any CPU
		{7FC70124-AB94-4EFC-9999-CFCC95098312}.Debug | H3ToComponents|Any CPU.ActiveCfg = Debug | H3ToComponents|Any CPU
		{7FC70124-AB94-4EFC-9999-CFCC95098312}.Release | LIB|Any CPU.ActiveCfg = Release | LIB|Any CPU
		{7FC70124-AB94-4EFC-9999-CFCC95098312}.Debug | Apps Only|Any CPU.ActiveCfg = Debug | Apps Only|Any CPU
		{7FC70124-AB94-4EFC-9999-CFCC95098312}.Debug | APPS|Any CPU.ActiveCfg = Debug | APPS|Any CPU
		{7FC70124-AB94-4EFC-9999-CFCC95098312}.Release | Apps Only|Any CPU.ActiveCfg = Release | Apps Only|Any CPU
		{7FC70124-AB94-4EFC-9999-CFCC95098312}.Debug | Lib Only|Any CPU.ActiveCfg = Debug | Lib Only|Any CPU
		{A2D5A9D4-CB9C-487B-AC8E-4673B496AD46}.Release | Lib Only|Any CPU.ActiveCfg = Release | Lib Only|Any CPU
		{A2D5A9D4-CB9C-487B-AC8E-4673B496AD46}.Debug | KRing|Any CPU.ActiveCfg = Debug | KRing|Any CPU
		{A2D5A9D4-CB9C-487B-AC8E-4673B496AD46}.Debug | H3ToGeoBoundary|Any CPU.ActiveCfg = Debug | H3ToGeoBoundary|Any CPU
		{A2D5A9D4-CB9C-487B-AC8E-4673B496AD46}.Release | ALL|Any CPU.ActiveCfg = Release | ALL|Any CPU
		{A2D5A9D4-CB9C-487B-AC8E-4673B496AD46}.Release | ALL|Any CPU.Build.0 = Release | ALL|Any CPU
		{A2D5A9D4-CB9C-487B-AC8E-4673B496AD46}.Release | ALL|Any CPU.Deploy.0 = Release | ALL|Any CPU
		{A2D5A9D4-CB9C-487B-AC8E-4673B496AD46}.Debug | HexRange|Any CPU.ActiveCfg = Debug | HexRange|Any CPU
		{A2D5A9D4-CB9C-487B-AC8E-4673B496AD46}.Debug | LocalIjToH3|Any CPU.ActiveCfg = Debug | LocalIjToH3|Any CPU
		{A2D5A9D4-CB9C-487B-AC8E-4673B496AD46}.Debug|Any CPU.ActiveCfg = Debug|Any CPU
		{A2D5A9D4-CB9C-487B-AC8E-4673B496AD46}.Debug|Any CPU.Build.0 = Debug|Any CPU
		{A2D5A9D4-CB9C-487B-AC8E-4673B496AD46}.Debug | ALL|Any CPU.ActiveCfg = Debug | ALL|Any CPU
		{A2D5A9D4-CB9C-487B-AC8E-4673B496AD46}.Debug | ALL|Any CPU.Build.0 = Debug | ALL|Any CPU
		{A2D5A9D4-CB9C-487B-AC8E-4673B496AD46}.Debug | H3ToGeo|Any CPU.ActiveCfg = Debug | H3ToGeo|Any CPU
		{A2D5A9D4-CB9C-487B-AC8E-4673B496AD46}.Release|Any CPU.ActiveCfg = Release|Any CPU
		{A2D5A9D4-CB9C-487B-AC8E-4673B496AD46}.Release|Any CPU.Build.0 = Release|Any CPU
		{A2D5A9D4-CB9C-487B-AC8E-4673B496AD46}.Release|Any CPU.Deploy.0 = Release|Any CPU
		{A2D5A9D4-CB9C-487B-AC8E-4673B496AD46}.Debug | H3ToLocalIj|Any CPU.ActiveCfg = Debug | H3ToLocalIj|Any CPU
		{A2D5A9D4-CB9C-487B-AC8E-4673B496AD46}.Debug | Tests|Any CPU.ActiveCfg = Debug | Tests|Any CPU
		{A2D5A9D4-CB9C-487B-AC8E-4673B496AD46}.DEBUG | GeoToH3|Any CPU.ActiveCfg = DEBUG | GeoToH3|Any CPU
		{A2D5A9D4-CB9C-487B-AC8E-4673B496AD46}.Debug | LIB|Any CPU.ActiveCfg = Debug | LIB|Any CPU
		{A2D5A9D4-CB9C-487B-AC8E-4673B496AD46}.Debug | H3ToComponents|Any CPU.ActiveCfg = Debug | H3ToComponents|Any CPU
		{A2D5A9D4-CB9C-487B-AC8E-4673B496AD46}.Debug | H3ToComponents|Any CPU.Build.0 = Debug | H3ToComponents|Any CPU
		{A2D5A9D4-CB9C-487B-AC8E-4673B496AD46}.Release | LIB|Any CPU.ActiveCfg = Release | LIB|Any CPU
		{A2D5A9D4-CB9C-487B-AC8E-4673B496AD46}.Debug | Apps Only|Any CPU.ActiveCfg = Debug | Apps Only|Any CPU
		{A2D5A9D4-CB9C-487B-AC8E-4673B496AD46}.Debug | Apps Only|Any CPU.Build.0 = Debug | Apps Only|Any CPU
		{A2D5A9D4-CB9C-487B-AC8E-4673B496AD46}.Debug | APPS|Any CPU.ActiveCfg = Debug | APPS|Any CPU
		{A2D5A9D4-CB9C-487B-AC8E-4673B496AD46}.Debug | APPS|Any CPU.Build.0 = Debug | APPS|Any CPU
		{A2D5A9D4-CB9C-487B-AC8E-4673B496AD46}.Release | Apps Only|Any CPU.ActiveCfg = Release | Apps Only|Any CPU
		{A2D5A9D4-CB9C-487B-AC8E-4673B496AD46}.Release | Apps Only|Any CPU.Build.0 = Release | Apps Only|Any CPU
		{A2D5A9D4-CB9C-487B-AC8E-4673B496AD46}.Release | Apps Only|Any CPU.Deploy.0 = Release | Apps Only|Any CPU
		{A2D5A9D4-CB9C-487B-AC8E-4673B496AD46}.Debug | Lib Only|Any CPU.ActiveCfg = Debug | Lib Only|Any CPU
		{66C48557-6342-45FB-90C6-33928CC6C7C3}.Release | Lib Only|Any CPU.ActiveCfg = Release | Lib Only|Any CPU
		{66C48557-6342-45FB-90C6-33928CC6C7C3}.Debug | KRing|Any CPU.ActiveCfg = Debug | KRing|Any CPU
		{66C48557-6342-45FB-90C6-33928CC6C7C3}.Debug | H3ToGeoBoundary|Any CPU.ActiveCfg = Debug | H3ToGeoBoundary|Any CPU
		{66C48557-6342-45FB-90C6-33928CC6C7C3}.Release | ALL|Any CPU.ActiveCfg = Release | ALL|Any CPU
		{66C48557-6342-45FB-90C6-33928CC6C7C3}.Release | ALL|Any CPU.Build.0 = Release | ALL|Any CPU
		{66C48557-6342-45FB-90C6-33928CC6C7C3}.Release | ALL|Any CPU.Deploy.0 = Release | ALL|Any CPU
		{66C48557-6342-45FB-90C6-33928CC6C7C3}.Debug | HexRange|Any CPU.ActiveCfg = Debug | HexRange|Any CPU
		{66C48557-6342-45FB-90C6-33928CC6C7C3}.Debug | LocalIjToH3|Any CPU.ActiveCfg = Debug | LocalIjToH3|Any CPU
		{66C48557-6342-45FB-90C6-33928CC6C7C3}.Debug|Any CPU.ActiveCfg = Debug|Any CPU
		{66C48557-6342-45FB-90C6-33928CC6C7C3}.Debug|Any CPU.Build.0 = Debug|Any CPU
		{66C48557-6342-45FB-90C6-33928CC6C7C3}.Debug | ALL|Any CPU.ActiveCfg = Debug | ALL|Any CPU
		{66C48557-6342-45FB-90C6-33928CC6C7C3}.Debug | ALL|Any CPU.Build.0 = Debug | ALL|Any CPU
		{66C48557-6342-45FB-90C6-33928CC6C7C3}.Debug | H3ToGeo|Any CPU.ActiveCfg = Debug | H3ToGeo|Any CPU
		{66C48557-6342-45FB-90C6-33928CC6C7C3}.Debug | H3ToGeo|Any CPU.Build.0 = Debug | H3ToGeo|Any CPU
		{66C48557-6342-45FB-90C6-33928CC6C7C3}.Release|Any CPU.ActiveCfg = Release|Any CPU
		{66C48557-6342-45FB-90C6-33928CC6C7C3}.Release|Any CPU.Build.0 = Release|Any CPU
		{66C48557-6342-45FB-90C6-33928CC6C7C3}.Release|Any CPU.Deploy.0 = Release|Any CPU
		{66C48557-6342-45FB-90C6-33928CC6C7C3}.Debug | H3ToLocalIj|Any CPU.ActiveCfg = Debug | H3ToLocalIj|Any CPU
		{66C48557-6342-45FB-90C6-33928CC6C7C3}.Debug | Tests|Any CPU.ActiveCfg = Debug | Tests|Any CPU
		{66C48557-6342-45FB-90C6-33928CC6C7C3}.DEBUG | GeoToH3|Any CPU.ActiveCfg = DEBUG | GeoToH3|Any CPU
		{66C48557-6342-45FB-90C6-33928CC6C7C3}.Debug | LIB|Any CPU.ActiveCfg = Debug | LIB|Any CPU
		{66C48557-6342-45FB-90C6-33928CC6C7C3}.Debug | H3ToComponents|Any CPU.ActiveCfg = Debug | H3ToComponents|Any CPU
		{66C48557-6342-45FB-90C6-33928CC6C7C3}.Release | LIB|Any CPU.ActiveCfg = Release | LIB|Any CPU
		{66C48557-6342-45FB-90C6-33928CC6C7C3}.Debug | Apps Only|Any CPU.ActiveCfg = Debug | Apps Only|Any CPU
		{66C48557-6342-45FB-90C6-33928CC6C7C3}.Debug | Apps Only|Any CPU.Build.0 = Debug | Apps Only|Any CPU
		{66C48557-6342-45FB-90C6-33928CC6C7C3}.Debug | APPS|Any CPU.ActiveCfg = Debug | APPS|Any CPU
		{66C48557-6342-45FB-90C6-33928CC6C7C3}.Debug | APPS|Any CPU.Build.0 = Debug | APPS|Any CPU
		{66C48557-6342-45FB-90C6-33928CC6C7C3}.Release | Apps Only|Any CPU.ActiveCfg = Release | Apps Only|Any CPU
		{66C48557-6342-45FB-90C6-33928CC6C7C3}.Release | Apps Only|Any CPU.Build.0 = Release | Apps Only|Any CPU
		{66C48557-6342-45FB-90C6-33928CC6C7C3}.Release | Apps Only|Any CPU.Deploy.0 = Release | Apps Only|Any CPU
		{66C48557-6342-45FB-90C6-33928CC6C7C3}.Debug | Lib Only|Any CPU.ActiveCfg = Debug | Lib Only|Any CPU
		{B8CAE003-DCD2-4352-8A1C-61AC61F1FA50}.Release | Lib Only|Any CPU.ActiveCfg = Release | Lib Only|Any CPU
		{B8CAE003-DCD2-4352-8A1C-61AC61F1FA50}.Debug | KRing|Any CPU.ActiveCfg = Debug | KRing|Any CPU
		{B8CAE003-DCD2-4352-8A1C-61AC61F1FA50}.Debug | H3ToGeoBoundary|Any CPU.ActiveCfg = Debug | H3ToGeoBoundary|Any CPU
		{B8CAE003-DCD2-4352-8A1C-61AC61F1FA50}.Debug | H3ToGeoBoundary|Any CPU.Build.0 = Debug | H3ToGeoBoundary|Any CPU
		{B8CAE003-DCD2-4352-8A1C-61AC61F1FA50}.Release | ALL|Any CPU.ActiveCfg = Release | ALL|Any CPU
		{B8CAE003-DCD2-4352-8A1C-61AC61F1FA50}.Release | ALL|Any CPU.Build.0 = Release | ALL|Any CPU
		{B8CAE003-DCD2-4352-8A1C-61AC61F1FA50}.Release | ALL|Any CPU.Deploy.0 = Release | ALL|Any CPU
		{B8CAE003-DCD2-4352-8A1C-61AC61F1FA50}.Debug | HexRange|Any CPU.ActiveCfg = Debug | HexRange|Any CPU
		{B8CAE003-DCD2-4352-8A1C-61AC61F1FA50}.Debug | LocalIjToH3|Any CPU.ActiveCfg = Debug | LocalIjToH3|Any CPU
		{B8CAE003-DCD2-4352-8A1C-61AC61F1FA50}.Debug|Any CPU.ActiveCfg = Debug|Any CPU
		{B8CAE003-DCD2-4352-8A1C-61AC61F1FA50}.Debug|Any CPU.Build.0 = Debug|Any CPU
		{B8CAE003-DCD2-4352-8A1C-61AC61F1FA50}.Debug | ALL|Any CPU.ActiveCfg = Debug | ALL|Any CPU
		{B8CAE003-DCD2-4352-8A1C-61AC61F1FA50}.Debug | ALL|Any CPU.Build.0 = Debug | ALL|Any CPU
		{B8CAE003-DCD2-4352-8A1C-61AC61F1FA50}.Debug | H3ToGeo|Any CPU.ActiveCfg = Debug | H3ToGeo|Any CPU
		{B8CAE003-DCD2-4352-8A1C-61AC61F1FA50}.Release|Any CPU.ActiveCfg = Release|Any CPU
		{B8CAE003-DCD2-4352-8A1C-61AC61F1FA50}.Release|Any CPU.Build.0 = Release|Any CPU
		{B8CAE003-DCD2-4352-8A1C-61AC61F1FA50}.Release|Any CPU.Deploy.0 = Release|Any CPU
		{B8CAE003-DCD2-4352-8A1C-61AC61F1FA50}.Debug | H3ToLocalIj|Any CPU.ActiveCfg = Debug | H3ToLocalIj|Any CPU
		{B8CAE003-DCD2-4352-8A1C-61AC61F1FA50}.Debug | Tests|Any CPU.ActiveCfg = Debug | Tests|Any CPU
		{B8CAE003-DCD2-4352-8A1C-61AC61F1FA50}.DEBUG | GeoToH3|Any CPU.ActiveCfg = DEBUG | GeoToH3|Any CPU
		{B8CAE003-DCD2-4352-8A1C-61AC61F1FA50}.Debug | LIB|Any CPU.ActiveCfg = Debug | LIB|Any CPU
		{B8CAE003-DCD2-4352-8A1C-61AC61F1FA50}.Debug | H3ToComponents|Any CPU.ActiveCfg = Debug | H3ToComponents|Any CPU
		{B8CAE003-DCD2-4352-8A1C-61AC61F1FA50}.Release | LIB|Any CPU.ActiveCfg = Release | LIB|Any CPU
		{B8CAE003-DCD2-4352-8A1C-61AC61F1FA50}.Debug | Apps Only|Any CPU.ActiveCfg = Debug | Apps Only|Any CPU
		{B8CAE003-DCD2-4352-8A1C-61AC61F1FA50}.Debug | Apps Only|Any CPU.Build.0 = Debug | Apps Only|Any CPU
		{B8CAE003-DCD2-4352-8A1C-61AC61F1FA50}.Debug | APPS|Any CPU.ActiveCfg = Debug | APPS|Any CPU
		{B8CAE003-DCD2-4352-8A1C-61AC61F1FA50}.Debug | APPS|Any CPU.Build.0 = Debug | APPS|Any CPU
		{B8CAE003-DCD2-4352-8A1C-61AC61F1FA50}.Release | Apps Only|Any CPU.ActiveCfg = Release | Apps Only|Any CPU
		{B8CAE003-DCD2-4352-8A1C-61AC61F1FA50}.Release | Apps Only|Any CPU.Build.0 = Release | Apps Only|Any CPU
		{B8CAE003-DCD2-4352-8A1C-61AC61F1FA50}.Release | Apps Only|Any CPU.Deploy.0 = Release | Apps Only|Any CPU
		{B8CAE003-DCD2-4352-8A1C-61AC61F1FA50}.Debug | Lib Only|Any CPU.ActiveCfg = Debug | Lib Only|Any CPU
		{6F8DB421-CD13-47FD-8F60-97C10B4F760C}.Release | Lib Only|Any CPU.ActiveCfg = Release | Lib Only|Any CPU
		{6F8DB421-CD13-47FD-8F60-97C10B4F760C}.Debug | KRing|Any CPU.ActiveCfg = Debug | KRing|Any CPU
		{6F8DB421-CD13-47FD-8F60-97C10B4F760C}.Debug | H3ToGeoBoundary|Any CPU.ActiveCfg = Debug | H3ToGeoBoundary|Any CPU
		{6F8DB421-CD13-47FD-8F60-97C10B4F760C}.Release | ALL|Any CPU.ActiveCfg = Release | ALL|Any CPU
		{6F8DB421-CD13-47FD-8F60-97C10B4F760C}.Release | ALL|Any CPU.Build.0 = Release | ALL|Any CPU
		{6F8DB421-CD13-47FD-8F60-97C10B4F760C}.Release | ALL|Any CPU.Deploy.0 = Release | ALL|Any CPU
		{6F8DB421-CD13-47FD-8F60-97C10B4F760C}.Debug | HexRange|Any CPU.ActiveCfg = Debug | HexRange|Any CPU
		{6F8DB421-CD13-47FD-8F60-97C10B4F760C}.Debug | LocalIjToH3|Any CPU.ActiveCfg = Debug | LocalIjToH3|Any CPU
		{6F8DB421-CD13-47FD-8F60-97C10B4F760C}.Debug|Any CPU.ActiveCfg = Debug|Any CPU
		{6F8DB421-CD13-47FD-8F60-97C10B4F760C}.Debug|Any CPU.Build.0 = Debug|Any CPU
		{6F8DB421-CD13-47FD-8F60-97C10B4F760C}.Debug | ALL|Any CPU.ActiveCfg = Debug | ALL|Any CPU
		{6F8DB421-CD13-47FD-8F60-97C10B4F760C}.Debug | ALL|Any CPU.Build.0 = Debug | ALL|Any CPU
		{6F8DB421-CD13-47FD-8F60-97C10B4F760C}.Debug | H3ToGeo|Any CPU.ActiveCfg = Debug | H3ToGeo|Any CPU
		{6F8DB421-CD13-47FD-8F60-97C10B4F760C}.Release|Any CPU.ActiveCfg = Release|Any CPU
		{6F8DB421-CD13-47FD-8F60-97C10B4F760C}.Release|Any CPU.Build.0 = Release|Any CPU
		{6F8DB421-CD13-47FD-8F60-97C10B4F760C}.Release|Any CPU.Deploy.0 = Release|Any CPU
		{6F8DB421-CD13-47FD-8F60-97C10B4F760C}.Debug | H3ToLocalIj|Any CPU.ActiveCfg = Debug | H3ToLocalIj|Any CPU
		{6F8DB421-CD13-47FD-8F60-97C10B4F760C}.Debug | H3ToLocalIj|Any CPU.Build.0 = Debug | H3ToLocalIj|Any CPU
		{6F8DB421-CD13-47FD-8F60-97C10B4F760C}.Debug | Tests|Any CPU.ActiveCfg = Debug | Tests|Any CPU
		{6F8DB421-CD13-47FD-8F60-97C10B4F760C}.DEBUG | GeoToH3|Any CPU.ActiveCfg = DEBUG | GeoToH3|Any CPU
		{6F8DB421-CD13-47FD-8F60-97C10B4F760C}.Debug | LIB|Any CPU.ActiveCfg = Debug | LIB|Any CPU
		{6F8DB421-CD13-47FD-8F60-97C10B4F760C}.Debug | H3ToComponents|Any CPU.ActiveCfg = Debug | H3ToComponents|Any CPU
		{6F8DB421-CD13-47FD-8F60-97C10B4F760C}.Release | LIB|Any CPU.ActiveCfg = Release | LIB|Any CPU
		{6F8DB421-CD13-47FD-8F60-97C10B4F760C}.Debug | Apps Only|Any CPU.ActiveCfg = Debug | Apps Only|Any CPU
		{6F8DB421-CD13-47FD-8F60-97C10B4F760C}.Debug | Apps Only|Any CPU.Build.0 = Debug | Apps Only|Any CPU
		{6F8DB421-CD13-47FD-8F60-97C10B4F760C}.Debug | APPS|Any CPU.ActiveCfg = Debug | APPS|Any CPU
		{6F8DB421-CD13-47FD-8F60-97C10B4F760C}.Debug | APPS|Any CPU.Build.0 = Debug | APPS|Any CPU
		{6F8DB421-CD13-47FD-8F60-97C10B4F760C}.Release | Apps Only|Any CPU.ActiveCfg = Release | Apps Only|Any CPU
		{6F8DB421-CD13-47FD-8F60-97C10B4F760C}.Release | Apps Only|Any CPU.Build.0 = Release | Apps Only|Any CPU
		{6F8DB421-CD13-47FD-8F60-97C10B4F760C}.Release | Apps Only|Any CPU.Deploy.0 = Release | Apps Only|Any CPU
		{6F8DB421-CD13-47FD-8F60-97C10B4F760C}.Debug | Lib Only|Any CPU.ActiveCfg = Debug | Lib Only|Any CPU
		{37C5B15F-7224-4B3E-81C3-68F75BD821DE}.Release | Lib Only|Any CPU.ActiveCfg = Release | Lib Only|Any CPU
		{37C5B15F-7224-4B3E-81C3-68F75BD821DE}.Debug | KRing|Any CPU.ActiveCfg = Debug | KRing|Any CPU
		{37C5B15F-7224-4B3E-81C3-68F75BD821DE}.Debug | H3ToGeoBoundary|Any CPU.ActiveCfg = Debug | H3ToGeoBoundary|Any CPU
		{37C5B15F-7224-4B3E-81C3-68F75BD821DE}.Release | ALL|Any CPU.ActiveCfg = Release | ALL|Any CPU
		{37C5B15F-7224-4B3E-81C3-68F75BD821DE}.Release | ALL|Any CPU.Build.0 = Release | ALL|Any CPU
		{37C5B15F-7224-4B3E-81C3-68F75BD821DE}.Release | ALL|Any CPU.Deploy.0 = Release | ALL|Any CPU
		{37C5B15F-7224-4B3E-81C3-68F75BD821DE}.Debug | HexRange|Any CPU.ActiveCfg = Debug | HexRange|Any CPU
		{37C5B15F-7224-4B3E-81C3-68F75BD821DE}.Debug | HexRange|Any CPU.Build.0 = Debug | HexRange|Any CPU
		{37C5B15F-7224-4B3E-81C3-68F75BD821DE}.Debug | LocalIjToH3|Any CPU.ActiveCfg = Debug | LocalIjToH3|Any CPU
		{37C5B15F-7224-4B3E-81C3-68F75BD821DE}.Debug|Any CPU.ActiveCfg = Debug|Any CPU
		{37C5B15F-7224-4B3E-81C3-68F75BD821DE}.Debug|Any CPU.Build.0 = Debug|Any CPU
		{37C5B15F-7224-4B3E-81C3-68F75BD821DE}.Debug | ALL|Any CPU.ActiveCfg = Debug | ALL|Any CPU
		{37C5B15F-7224-4B3E-81C3-68F75BD821DE}.Debug | ALL|Any CPU.Build.0 = Debug | ALL|Any CPU
		{37C5B15F-7224-4B3E-81C3-68F75BD821DE}.Debug | H3ToGeo|Any CPU.ActiveCfg = Debug | H3ToGeo|Any CPU
		{37C5B15F-7224-4B3E-81C3-68F75BD821DE}.Release|Any CPU.ActiveCfg = Release|Any CPU
		{37C5B15F-7224-4B3E-81C3-68F75BD821DE}.Release|Any CPU.Build.0 = Release|Any CPU
		{37C5B15F-7224-4B3E-81C3-68F75BD821DE}.Release|Any CPU.Deploy.0 = Release|Any CPU
		{37C5B15F-7224-4B3E-81C3-68F75BD821DE}.Debug | H3ToLocalIj|Any CPU.ActiveCfg = Debug | H3ToLocalIj|Any CPU
		{37C5B15F-7224-4B3E-81C3-68F75BD821DE}.Debug | Tests|Any CPU.ActiveCfg = Debug | Tests|Any CPU
		{37C5B15F-7224-4B3E-81C3-68F75BD821DE}.DEBUG | GeoToH3|Any CPU.ActiveCfg = DEBUG | GeoToH3|Any CPU
		{37C5B15F-7224-4B3E-81C3-68F75BD821DE}.Debug | LIB|Any CPU.ActiveCfg = Debug | LIB|Any CPU
		{37C5B15F-7224-4B3E-81C3-68F75BD821DE}.Debug | H3ToComponents|Any CPU.ActiveCfg = Debug | H3ToComponents|Any CPU
		{37C5B15F-7224-4B3E-81C3-68F75BD821DE}.Release | LIB|Any CPU.ActiveCfg = Release | LIB|Any CPU
		{37C5B15F-7224-4B3E-81C3-68F75BD821DE}.Debug | Apps Only|Any CPU.ActiveCfg = Debug | Apps Only|Any CPU
		{37C5B15F-7224-4B3E-81C3-68F75BD821DE}.Debug | Apps Only|Any CPU.Build.0 = Debug | Apps Only|Any CPU
		{37C5B15F-7224-4B3E-81C3-68F75BD821DE}.Debug | APPS|Any CPU.ActiveCfg = Debug | APPS|Any CPU
		{37C5B15F-7224-4B3E-81C3-68F75BD821DE}.Debug | APPS|Any CPU.Build.0 = Debug | APPS|Any CPU
		{37C5B15F-7224-4B3E-81C3-68F75BD821DE}.Release | Apps Only|Any CPU.ActiveCfg = Release | Apps Only|Any CPU
		{37C5B15F-7224-4B3E-81C3-68F75BD821DE}.Release | Apps Only|Any CPU.Build.0 = Release | Apps Only|Any CPU
		{37C5B15F-7224-4B3E-81C3-68F75BD821DE}.Release | Apps Only|Any CPU.Deploy.0 = Release | Apps Only|Any CPU
		{37C5B15F-7224-4B3E-81C3-68F75BD821DE}.Debug | Lib Only|Any CPU.ActiveCfg = Debug | Lib Only|Any CPU
		{8F5429F6-7770-472E-857C-6B63F68DC9B5}.Release | Lib Only|Any CPU.ActiveCfg = Release | Lib Only|Any CPU
		{8F5429F6-7770-472E-857C-6B63F68DC9B5}.Debug | KRing|Any CPU.ActiveCfg = Debug | KRing|Any CPU
		{8F5429F6-7770-472E-857C-6B63F68DC9B5}.Debug | KRing|Any CPU.Build.0 = Debug | KRing|Any CPU
		{8F5429F6-7770-472E-857C-6B63F68DC9B5}.Debug | H3ToGeoBoundary|Any CPU.ActiveCfg = Debug | H3ToGeoBoundary|Any CPU
		{8F5429F6-7770-472E-857C-6B63F68DC9B5}.Release | ALL|Any CPU.ActiveCfg = Release | ALL|Any CPU
		{8F5429F6-7770-472E-857C-6B63F68DC9B5}.Release | ALL|Any CPU.Build.0 = Release | ALL|Any CPU
		{8F5429F6-7770-472E-857C-6B63F68DC9B5}.Release | ALL|Any CPU.Deploy.0 = Release | ALL|Any CPU
		{8F5429F6-7770-472E-857C-6B63F68DC9B5}.Debug | HexRange|Any CPU.ActiveCfg = Debug | HexRange|Any CPU
		{8F5429F6-7770-472E-857C-6B63F68DC9B5}.Debug | LocalIjToH3|Any CPU.ActiveCfg = Debug | LocalIjToH3|Any CPU
		{8F5429F6-7770-472E-857C-6B63F68DC9B5}.Debug|Any CPU.ActiveCfg = Debug|Any CPU
		{8F5429F6-7770-472E-857C-6B63F68DC9B5}.Debug|Any CPU.Build.0 = Debug|Any CPU
		{8F5429F6-7770-472E-857C-6B63F68DC9B5}.Debug | ALL|Any CPU.ActiveCfg = Debug | ALL|Any CPU
		{8F5429F6-7770-472E-857C-6B63F68DC9B5}.Debug | ALL|Any CPU.Build.0 = Debug | ALL|Any CPU
		{8F5429F6-7770-472E-857C-6B63F68DC9B5}.Debug | H3ToGeo|Any CPU.ActiveCfg = Debug | H3ToGeo|Any CPU
		{8F5429F6-7770-472E-857C-6B63F68DC9B5}.Release|Any CPU.ActiveCfg = Release|Any CPU
		{8F5429F6-7770-472E-857C-6B63F68DC9B5}.Release|Any CPU.Build.0 = Release|Any CPU
		{8F5429F6-7770-472E-857C-6B63F68DC9B5}.Release|Any CPU.Deploy.0 = Release|Any CPU
		{8F5429F6-7770-472E-857C-6B63F68DC9B5}.Debug | H3ToLocalIj|Any CPU.ActiveCfg = Debug | H3ToLocalIj|Any CPU
		{8F5429F6-7770-472E-857C-6B63F68DC9B5}.Debug | Tests|Any CPU.ActiveCfg = Debug | Tests|Any CPU
		{8F5429F6-7770-472E-857C-6B63F68DC9B5}.DEBUG | GeoToH3|Any CPU.ActiveCfg = DEBUG | GeoToH3|Any CPU
		{8F5429F6-7770-472E-857C-6B63F68DC9B5}.Debug | LIB|Any CPU.ActiveCfg = Debug | LIB|Any CPU
		{8F5429F6-7770-472E-857C-6B63F68DC9B5}.Debug | H3ToComponents|Any CPU.ActiveCfg = Debug | H3ToComponents|Any CPU
		{8F5429F6-7770-472E-857C-6B63F68DC9B5}.Release | LIB|Any CPU.ActiveCfg = Release | LIB|Any CPU
		{8F5429F6-7770-472E-857C-6B63F68DC9B5}.Debug | Apps Only|Any CPU.ActiveCfg = Debug | Apps Only|Any CPU
		{8F5429F6-7770-472E-857C-6B63F68DC9B5}.Debug | Apps Only|Any CPU.Build.0 = Debug | Apps Only|Any CPU
		{8F5429F6-7770-472E-857C-6B63F68DC9B5}.Debug | APPS|Any CPU.ActiveCfg = Debug | APPS|Any CPU
		{8F5429F6-7770-472E-857C-6B63F68DC9B5}.Debug | APPS|Any CPU.Build.0 = Debug | APPS|Any CPU
		{8F5429F6-7770-472E-857C-6B63F68DC9B5}.Release | Apps Only|Any CPU.ActiveCfg = Release | Apps Only|Any CPU
		{8F5429F6-7770-472E-857C-6B63F68DC9B5}.Release | Apps Only|Any CPU.Build.0 = Release | Apps Only|Any CPU
		{8F5429F6-7770-472E-857C-6B63F68DC9B5}.Release | Apps Only|Any CPU.Deploy.0 = Release | Apps Only|Any CPU
		{8F5429F6-7770-472E-857C-6B63F68DC9B5}.Debug | Lib Only|Any CPU.ActiveCfg = Debug | Lib Only|Any CPU
		{478F725B-999C-4BE6-A73D-BAA12D39B374}.Release | Lib Only|Any CPU.ActiveCfg = Release | Lib Only|Any CPU
		{478F725B-999C-4BE6-A73D-BAA12D39B374}.Debug | KRing|Any CPU.ActiveCfg = Debug | KRing|Any CPU
		{478F725B-999C-4BE6-A73D-BAA12D39B374}.Debug | H3ToGeoBoundary|Any CPU.ActiveCfg = Debug | H3ToGeoBoundary|Any CPU
		{478F725B-999C-4BE6-A73D-BAA12D39B374}.Release | ALL|Any CPU.ActiveCfg = Release | ALL|Any CPU
		{478F725B-999C-4BE6-A73D-BAA12D39B374}.Release | ALL|Any CPU.Build.0 = Release | ALL|Any CPU
		{478F725B-999C-4BE6-A73D-BAA12D39B374}.Release | ALL|Any CPU.Deploy.0 = Release | ALL|Any CPU
		{478F725B-999C-4BE6-A73D-BAA12D39B374}.Debug | HexRange|Any CPU.ActiveCfg = Debug | HexRange|Any CPU
		{478F725B-999C-4BE6-A73D-BAA12D39B374}.Debug | LocalIjToH3|Any CPU.ActiveCfg = Debug | LocalIjToH3|Any CPU
		{478F725B-999C-4BE6-A73D-BAA12D39B374}.Debug | LocalIjToH3|Any CPU.Build.0 = Debug | LocalIjToH3|Any CPU
		{478F725B-999C-4BE6-A73D-BAA12D39B374}.Debug|Any CPU.ActiveCfg = Debug|Any CPU
		{478F725B-999C-4BE6-A73D-BAA12D39B374}.Debug|Any CPU.Build.0 = Debug|Any CPU
		{478F725B-999C-4BE6-A73D-BAA12D39B374}.Debug | ALL|Any CPU.ActiveCfg = Debug | ALL|Any CPU
		{478F725B-999C-4BE6-A73D-BAA12D39B374}.Debug | ALL|Any CPU.Build.0 = Debug | ALL|Any CPU
		{478F725B-999C-4BE6-A73D-BAA12D39B374}.Debug | H3ToGeo|Any CPU.ActiveCfg = Debug | H3ToGeo|Any CPU
		{478F725B-999C-4BE6-A73D-BAA12D39B374}.Release|Any CPU.ActiveCfg = Release|Any CPU
		{478F725B-999C-4BE6-A73D-BAA12D39B374}.Release|Any CPU.Build.0 = Release|Any CPU
		{478F725B-999C-4BE6-A73D-BAA12D39B374}.Release|Any CPU.Deploy.0 = Release|Any CPU
		{478F725B-999C-4BE6-A73D-BAA12D39B374}.Debug | H3ToLocalIj|Any CPU.ActiveCfg = Debug | H3ToLocalIj|Any CPU
		{478F725B-999C-4BE6-A73D-BAA12D39B374}.Debug | Tests|Any CPU.ActiveCfg = Debug | Tests|Any CPU
		{478F725B-999C-4BE6-A73D-BAA12D39B374}.DEBUG | GeoToH3|Any CPU.ActiveCfg = DEBUG | GeoToH3|Any CPU
		{478F725B-999C-4BE6-A73D-BAA12D39B374}.Debug | LIB|Any CPU.ActiveCfg = Debug | LIB|Any CPU
		{478F725B-999C-4BE6-A73D-BAA12D39B374}.Debug | H3ToComponents|Any CPU.ActiveCfg = Debug | H3ToComponents|Any CPU
		{478F725B-999C-4BE6-A73D-BAA12D39B374}.Release | LIB|Any CPU.ActiveCfg = Release | LIB|Any CPU
		{478F725B-999C-4BE6-A73D-BAA12D39B374}.Debug | Apps Only|Any CPU.ActiveCfg = Debug | Apps Only|Any CPU
		{478F725B-999C-4BE6-A73D-BAA12D39B374}.Debug | Apps Only|Any CPU.Build.0 = Debug | Apps Only|Any CPU
		{478F725B-999C-4BE6-A73D-BAA12D39B374}.Debug | APPS|Any CPU.ActiveCfg = Debug | APPS|Any CPU
		{478F725B-999C-4BE6-A73D-BAA12D39B374}.Debug | APPS|Any CPU.Build.0 = Debug | APPS|Any CPU
		{478F725B-999C-4BE6-A73D-BAA12D39B374}.Release | Apps Only|Any CPU.ActiveCfg = Release | Apps Only|Any CPU
		{478F725B-999C-4BE6-A73D-BAA12D39B374}.Release | Apps Only|Any CPU.Build.0 = Release | Apps Only|Any CPU
		{478F725B-999C-4BE6-A73D-BAA12D39B374}.Release | Apps Only|Any CPU.Deploy.0 = Release | Apps Only|Any CPU
		{478F725B-999C-4BE6-A73D-BAA12D39B374}.Debug | Lib Only|Any CPU.ActiveCfg = Debug | Lib Only|Any CPU
	EndGlobalSection
	GlobalSection(SolutionProperties) = preSolution
		HideSolutionNode = FALSE
	EndGlobalSection
	GlobalSection(ExtensibilityGlobals) = postSolution
		SolutionGuid = {C77A1259-3249-4C31-A461-A9F1240E8F22}
	EndGlobalSection
	GlobalSection(NestedProjects) = preSolution
		{AA61DF0D-A495-4322-9A4C-E02A16B7653A} = {4FB7DEF1-9A5E-47AB-BF88-E096B8F7ABD7}
		{7FC70124-AB94-4EFC-9999-CFCC95098312} = {AA61DF0D-A495-4322-9A4C-E02A16B7653A}
		{B20B012E-5091-4861-9E33-7248592E1473} = {0194ACF5-24AA-4456-B449-C3F9517CEA9C}
		{824A93BB-35B7-4054-946D-A5553F44EA52} = {21E24D2C-95AA-4317-B365-9262F8850A15}
		{144E6FAA-853A-4D95-81B0-5B5C89D00224} = {21E24D2C-95AA-4317-B365-9262F8850A15}
		{591354A8-CFCE-4B07-A8E7-EE2D4EE49DBF} = {144E6FAA-853A-4D95-81B0-5B5C89D00224}
		{A2D5A9D4-CB9C-487B-AC8E-4673B496AD46} = {144E6FAA-853A-4D95-81B0-5B5C89D00224}
		{66C48557-6342-45FB-90C6-33928CC6C7C3} = {144E6FAA-853A-4D95-81B0-5B5C89D00224}
		{B8CAE003-DCD2-4352-8A1C-61AC61F1FA50} = {144E6FAA-853A-4D95-81B0-5B5C89D00224}
		{6F8DB421-CD13-47FD-8F60-97C10B4F760C} = {144E6FAA-853A-4D95-81B0-5B5C89D00224}
		{37C5B15F-7224-4B3E-81C3-68F75BD821DE} = {144E6FAA-853A-4D95-81B0-5B5C89D00224}
		{8F5429F6-7770-472E-857C-6B63F68DC9B5} = {144E6FAA-853A-4D95-81B0-5B5C89D00224}
		{478F725B-999C-4BE6-A73D-BAA12D39B374} = {144E6FAA-853A-4D95-81B0-5B5C89D00224}
	EndGlobalSection
EndGlobal
