
Microsoft Visual Studio Solution File, Format Version 12.00
# Visual Studio 15
VisualStudioVersion = 15.0.27703.2042
MinimumVisualStudioVersion = 10.0.40219.1
Project("{FAE04EC0-301F-11D3-BF4B-00C04F79EFBC}") = "h3net", "h3net\h3net.csproj", "{5D22179F-004F-4B78-9AA2-CF5838153F49}"
EndProject
Project("{FAE04EC0-301F-11D3-BF4B-00C04F79EFBC}") = "h3tests", "h3tests\h3tests.csproj", "{B53C060A-3B72-4833-A366-190D60EF28EE}"
EndProject
Project("{2150E333-8FDC-42A3-9474-1A3956D46DE8}") = "Solution Items", "Solution Items", "{1DA3C23F-3DA2-498B-B0CF-06C4DEE5729F}"
	ProjectSection(SolutionItems) = preProject
		License. = License.
		Readme.md = Readme.md
		Version.txt = Version.txt
		Credits.md = Credits.md
		OldApi.md = OldApi.md
	EndProjectSection
EndProject
Project("{FAE04EC0-301F-11D3-BF4B-00C04F79EFBC}") = "H3Lib", "H3Lib\H3Lib.csproj", "{B20B012E-5091-4861-9E33-7248592E1473}"
EndProject
Project("{FAE04EC0-301F-11D3-BF4B-00C04F79EFBC}") = "H3 NUnit Tests", "Tests\NUnit\H3Suite\H3Suite.csproj", "{7FC70124-AB94-4EFC-9999-CFCC95098312}"
EndProject
Project("{2150E333-8FDC-42A3-9474-1A3956D46DE8}") = "Apps", "Apps", "{733FD2BE-8E77-41C5-ABD1-71790E2387F2}"
EndProject
Project("{2150E333-8FDC-42A3-9474-1A3956D46DE8}") = "Filters", "Filters", "{ECD9B4E7-B09A-4A66-A2F1-06B2396F5ED2}"
EndProject
Project("{FAE04EC0-301F-11D3-BF4B-00C04F79EFBC}") = "GeoToH3", "GeoToH3\GeoToH3.csproj", "{A4F46AB2-455C-43CB-91FC-A40B1CF2485C}"
EndProject
Project("{2150E333-8FDC-42A3-9474-1A3956D46DE8}") = "Tests", "Tests", "{4FB7DEF1-9A5E-47AB-BF88-E096B8F7ABD7}"
EndProject
Project("{2150E333-8FDC-42A3-9474-1A3956D46DE8}") = "NUnit", "NUnit", "{AA61DF0D-A495-4322-9A4C-E02A16B7653A}"
EndProject
Global
	GlobalSection(SolutionConfigurationPlatforms) = preSolution
		Debug|Any CPU = Debug|Any CPU
		Debug|x64 = Debug|x64
		Release|Any CPU = Release|Any CPU
		Release|x64 = Release|x64
	EndGlobalSection
	GlobalSection(ProjectConfigurationPlatforms) = postSolution
		{5D22179F-004F-4B78-9AA2-CF5838153F49}.Debug|Any CPU.ActiveCfg = Debug|Any CPU
		{5D22179F-004F-4B78-9AA2-CF5838153F49}.Debug|Any CPU.Build.0 = Debug|Any CPU
		{5D22179F-004F-4B78-9AA2-CF5838153F49}.Debug|x64.ActiveCfg = Debug|x64
		{5D22179F-004F-4B78-9AA2-CF5838153F49}.Debug|x64.Build.0 = Debug|x64
		{5D22179F-004F-4B78-9AA2-CF5838153F49}.Release|Any CPU.ActiveCfg = Release|Any CPU
		{5D22179F-004F-4B78-9AA2-CF5838153F49}.Release|Any CPU.Build.0 = Release|Any CPU
		{5D22179F-004F-4B78-9AA2-CF5838153F49}.Release|x64.ActiveCfg = Release|x64
		{5D22179F-004F-4B78-9AA2-CF5838153F49}.Release|x64.Build.0 = Release|x64
		{B53C060A-3B72-4833-A366-190D60EF28EE}.Debug|Any CPU.ActiveCfg = Debug|Any CPU
		{B53C060A-3B72-4833-A366-190D60EF28EE}.Debug|Any CPU.Build.0 = Debug|Any CPU
		{B53C060A-3B72-4833-A366-190D60EF28EE}.Debug|x64.ActiveCfg = Debug|x64
		{B53C060A-3B72-4833-A366-190D60EF28EE}.Release|Any CPU.ActiveCfg = Release|Any CPU
		{B53C060A-3B72-4833-A366-190D60EF28EE}.Release|Any CPU.Build.0 = Release|Any CPU
		{B53C060A-3B72-4833-A366-190D60EF28EE}.Release|x64.ActiveCfg = Release|x64
		{B53C060A-3B72-4833-A366-190D60EF28EE}.Release|x64.Build.0 = Release|x64
		{B20B012E-5091-4861-9E33-7248592E1473}.Debug|Any CPU.ActiveCfg = Debug|Any CPU
		{B20B012E-5091-4861-9E33-7248592E1473}.Debug|Any CPU.Build.0 = Debug|Any CPU
		{B20B012E-5091-4861-9E33-7248592E1473}.Debug|x64.ActiveCfg = Debug|Any CPU
		{B20B012E-5091-4861-9E33-7248592E1473}.Debug|x64.Build.0 = Debug|Any CPU
		{B20B012E-5091-4861-9E33-7248592E1473}.Release|Any CPU.ActiveCfg = Release|Any CPU
		{B20B012E-5091-4861-9E33-7248592E1473}.Release|Any CPU.Build.0 = Release|Any CPU
		{B20B012E-5091-4861-9E33-7248592E1473}.Release|x64.ActiveCfg = Release|Any CPU
		{B20B012E-5091-4861-9E33-7248592E1473}.Release|x64.Build.0 = Release|Any CPU
		{7FC70124-AB94-4EFC-9999-CFCC95098312}.Debug|Any CPU.ActiveCfg = Debug|Any CPU
		{7FC70124-AB94-4EFC-9999-CFCC95098312}.Debug|Any CPU.Build.0 = Debug|Any CPU
		{7FC70124-AB94-4EFC-9999-CFCC95098312}.Debug|x64.ActiveCfg = Debug|Any CPU
		{7FC70124-AB94-4EFC-9999-CFCC95098312}.Debug|x64.Build.0 = Debug|Any CPU
		{7FC70124-AB94-4EFC-9999-CFCC95098312}.Release|Any CPU.ActiveCfg = Release|Any CPU
		{7FC70124-AB94-4EFC-9999-CFCC95098312}.Release|Any CPU.Build.0 = Release|Any CPU
		{7FC70124-AB94-4EFC-9999-CFCC95098312}.Release|x64.ActiveCfg = Release|Any CPU
		{7FC70124-AB94-4EFC-9999-CFCC95098312}.Release|x64.Build.0 = Release|Any CPU
		{A4F46AB2-455C-43CB-91FC-A40B1CF2485C}.Debug|Any CPU.ActiveCfg = Debug|Any CPU
		{A4F46AB2-455C-43CB-91FC-A40B1CF2485C}.Debug|Any CPU.Build.0 = Debug|Any CPU
		{A4F46AB2-455C-43CB-91FC-A40B1CF2485C}.Debug|x64.ActiveCfg = Debug|Any CPU
		{A4F46AB2-455C-43CB-91FC-A40B1CF2485C}.Debug|x64.Build.0 = Debug|Any CPU
		{A4F46AB2-455C-43CB-91FC-A40B1CF2485C}.Release|Any CPU.ActiveCfg = Release|Any CPU
		{A4F46AB2-455C-43CB-91FC-A40B1CF2485C}.Release|Any CPU.Build.0 = Release|Any CPU
		{A4F46AB2-455C-43CB-91FC-A40B1CF2485C}.Release|x64.ActiveCfg = Release|Any CPU
		{A4F46AB2-455C-43CB-91FC-A40B1CF2485C}.Release|x64.Build.0 = Release|Any CPU
	EndGlobalSection
	GlobalSection(SolutionProperties) = preSolution
		HideSolutionNode = FALSE
	EndGlobalSection
	GlobalSection(ExtensibilityGlobals) = postSolution
		SolutionGuid = {C77A1259-3249-4C31-A461-A9F1240E8F22}
	EndGlobalSection
	GlobalSection(NestedProjects) = preSolution
		{ECD9B4E7-B09A-4A66-A2F1-06B2396F5ED2} = {733FD2BE-8E77-41C5-ABD1-71790E2387F2}
		{A4F46AB2-455C-43CB-91FC-A40B1CF2485C} = {ECD9B4E7-B09A-4A66-A2F1-06B2396F5ED2}
		{AA61DF0D-A495-4322-9A4C-E02A16B7653A} = {4FB7DEF1-9A5E-47AB-BF88-E096B8F7ABD7}
		{7FC70124-AB94-4EFC-9999-CFCC95098312} = {AA61DF0D-A495-4322-9A4C-E02A16B7653A}
	EndGlobalSection
EndGlobal
